
Microsoft Visual Studio Solution File, Format Version 12.00
# Visual Studio Version 17
VisualStudioVersion = 17.8.34330.188
MinimumVisualStudioVersion = 10.0.40219.1
Project("{FAE04EC0-301F-11D3-BF4B-00C04F79EFBC}") = "PRN231_Group3_BE", "PRN231_Group3_BE\PRN231_Group3_BE.csproj", "{686114CD-6AE4-457F-AB23-44303B6EA65B}"
EndProject
Project("{FAE04EC0-301F-11D3-BF4B-00C04F79EFBC}") = "BusinessObject", "BusinessObject\BusinessObject.csproj", "{68AA4988-94DF-417E-9331-16516CAD4E4F}"
EndProject
Project("{FAE04EC0-301F-11D3-BF4B-00C04F79EFBC}") = "DataAccess", "DataAccess\DataAccess.csproj", "{ED6D84C5-EB0F-4AF8-8565-862ED3DA94D3}"
EndProject
Global
	GlobalSection(SolutionConfigurationPlatforms) = preSolution
		Debug|Any CPU = Debug|Any CPU
		Release|Any CPU = Release|Any CPU
	EndGlobalSection
	GlobalSection(ProjectConfigurationPlatforms) = postSolution
		{686114CD-6AE4-457F-AB23-44303B6EA65B}.Debug|Any CPU.ActiveCfg = Debug|Any CPU
		{686114CD-6AE4-457F-AB23-44303B6EA65B}.Debug|Any CPU.Build.0 = Debug|Any CPU
		{686114CD-6AE4-457F-AB23-44303B6EA65B}.Release|Any CPU.ActiveCfg = Release|Any CPU
		{686114CD-6AE4-457F-AB23-44303B6EA65B}.Release|Any CPU.Build.0 = Release|Any CPU
		{68AA4988-94DF-417E-9331-16516CAD4E4F}.Debug|Any CPU.ActiveCfg = Debug|Any CPU
		{68AA4988-94DF-417E-9331-16516CAD4E4F}.Debug|Any CPU.Build.0 = Debug|Any CPU
		{68AA4988-94DF-417E-9331-16516CAD4E4F}.Release|Any CPU.ActiveCfg = Release|Any CPU
		{68AA4988-94DF-417E-9331-16516CAD4E4F}.Release|Any CPU.Build.0 = Release|Any CPU
		{ED6D84C5-EB0F-4AF8-8565-862ED3DA94D3}.Debug|Any CPU.ActiveCfg = Debug|Any CPU
		{ED6D84C5-EB0F-4AF8-8565-862ED3DA94D3}.Debug|Any CPU.Build.0 = Debug|Any CPU
		{ED6D84C5-EB0F-4AF8-8565-862ED3DA94D3}.Release|Any CPU.ActiveCfg = Release|Any CPU
		{ED6D84C5-EB0F-4AF8-8565-862ED3DA94D3}.Release|Any CPU.Build.0 = Release|Any CPU
	EndGlobalSection
	GlobalSection(SolutionProperties) = preSolution
		HideSolutionNode = FALSE
	EndGlobalSection
	GlobalSection(ExtensibilityGlobals) = postSolution
		SolutionGuid = {E5B4F7D5-452A-4B94-82A0-6520CED514BD}
	EndGlobalSection
EndGlobal
